
Microsoft Visual Studio Solution File, Format Version 12.00
# Visual Studio Version 17
VisualStudioVersion = 17.4.33205.214
MinimumVisualStudioVersion = 10.0.40219.1
Project("{9A19103F-16F7-4668-BE54-9A1E7A4F7556}") = "WebApiModels", "WebApiModels\WebApiModels.csproj", "{9792AFC6-DBA2-44C0-BBA7-7C3E663F575F}"
EndProject
Project("{9A19103F-16F7-4668-BE54-9A1E7A4F7556}") = "WebApp", "WebApplication\WebApp.csproj", "{550A1145-1032-461F-A749-D821C08AADA1}"
EndProject
Project("{FAE04EC0-301F-11D3-BF4B-00C04F79EFBC}") = "MobileApp.Android", "MobileApp\MobileApp.Android\MobileApp.Android.csproj", "{64A64CC9-4D47-4FEE-AD7D-CF46DD2D9A9B}"
EndProject
Project("{FAE04EC0-301F-11D3-BF4B-00C04F79EFBC}") = "MobileApp.iOS", "MobileApp\MobileApp.iOS\MobileApp.iOS.csproj", "{43F5468F-B52A-4EC0-9377-0F07750FD8F3}"
EndProject
Project("{FAE04EC0-301F-11D3-BF4B-00C04F79EFBC}") = "MobileApp", "MobileApp\MobileApp\MobileApp.csproj", "{9382B935-7E70-4E32-9B91-9D916B603920}"
EndProject
Global
	GlobalSection(SolutionConfigurationPlatforms) = preSolution
		Debug|Any CPU = Debug|Any CPU
		Debug|iPhone = Debug|iPhone
		Debug|iPhoneSimulator = Debug|iPhoneSimulator
		Release|Any CPU = Release|Any CPU
		Release|iPhone = Release|iPhone
		Release|iPhoneSimulator = Release|iPhoneSimulator
	EndGlobalSection
	GlobalSection(ProjectConfigurationPlatforms) = postSolution
		{9792AFC6-DBA2-44C0-BBA7-7C3E663F575F}.Debug|Any CPU.ActiveCfg = Debug|Any CPU
		{9792AFC6-DBA2-44C0-BBA7-7C3E663F575F}.Debug|Any CPU.Build.0 = Debug|Any CPU
		{9792AFC6-DBA2-44C0-BBA7-7C3E663F575F}.Debug|iPhone.ActiveCfg = Debug|Any CPU
		{9792AFC6-DBA2-44C0-BBA7-7C3E663F575F}.Debug|iPhone.Build.0 = Debug|Any CPU
		{9792AFC6-DBA2-44C0-BBA7-7C3E663F575F}.Debug|iPhoneSimulator.ActiveCfg = Debug|Any CPU
		{9792AFC6-DBA2-44C0-BBA7-7C3E663F575F}.Debug|iPhoneSimulator.Build.0 = Debug|Any CPU
		{9792AFC6-DBA2-44C0-BBA7-7C3E663F575F}.Release|Any CPU.ActiveCfg = Release|Any CPU
		{9792AFC6-DBA2-44C0-BBA7-7C3E663F575F}.Release|Any CPU.Build.0 = Release|Any CPU
		{9792AFC6-DBA2-44C0-BBA7-7C3E663F575F}.Release|iPhone.ActiveCfg = Release|Any CPU
		{9792AFC6-DBA2-44C0-BBA7-7C3E663F575F}.Release|iPhone.Build.0 = Release|Any CPU
		{9792AFC6-DBA2-44C0-BBA7-7C3E663F575F}.Release|iPhoneSimulator.ActiveCfg = Release|Any CPU
		{9792AFC6-DBA2-44C0-BBA7-7C3E663F575F}.Release|iPhoneSimulator.Build.0 = Release|Any CPU
		{550A1145-1032-461F-A749-D821C08AADA1}.Debug|Any CPU.ActiveCfg = Debug|Any CPU
		{550A1145-1032-461F-A749-D821C08AADA1}.Debug|Any CPU.Build.0 = Debug|Any CPU
		{550A1145-1032-461F-A749-D821C08AADA1}.Debug|iPhone.ActiveCfg = Debug|Any CPU
		{550A1145-1032-461F-A749-D821C08AADA1}.Debug|iPhone.Build.0 = Debug|Any CPU
		{550A1145-1032-461F-A749-D821C08AADA1}.Debug|iPhoneSimulator.ActiveCfg = Debug|Any CPU
		{550A1145-1032-461F-A749-D821C08AADA1}.Debug|iPhoneSimulator.Build.0 = Debug|Any CPU
		{550A1145-1032-461F-A749-D821C08AADA1}.Release|Any CPU.ActiveCfg = Release|Any CPU
		{550A1145-1032-461F-A749-D821C08AADA1}.Release|Any CPU.Build.0 = Release|Any CPU
		{550A1145-1032-461F-A749-D821C08AADA1}.Release|iPhone.ActiveCfg = Release|Any CPU
		{550A1145-1032-461F-A749-D821C08AADA1}.Release|iPhone.Build.0 = Release|Any CPU
		{550A1145-1032-461F-A749-D821C08AADA1}.Release|iPhoneSimulator.ActiveCfg = Release|Any CPU
		{550A1145-1032-461F-A749-D821C08AADA1}.Release|iPhoneSimulator.Build.0 = Release|Any CPU
		{64A64CC9-4D47-4FEE-AD7D-CF46DD2D9A9B}.Debug|Any CPU.ActiveCfg = Debug|Any CPU
		{64A64CC9-4D47-4FEE-AD7D-CF46DD2D9A9B}.Debug|Any CPU.Build.0 = Debug|Any CPU
		{64A64CC9-4D47-4FEE-AD7D-CF46DD2D9A9B}.Debug|Any CPU.Deploy.0 = Debug|Any CPU
		{64A64CC9-4D47-4FEE-AD7D-CF46DD2D9A9B}.Debug|iPhone.ActiveCfg = Debug|Any CPU
		{64A64CC9-4D47-4FEE-AD7D-CF46DD2D9A9B}.Debug|iPhone.Build.0 = Debug|Any CPU
		{64A64CC9-4D47-4FEE-AD7D-CF46DD2D9A9B}.Debug|iPhone.Deploy.0 = Debug|Any CPU
		{64A64CC9-4D47-4FEE-AD7D-CF46DD2D9A9B}.Debug|iPhoneSimulator.ActiveCfg = Debug|Any CPU
		{64A64CC9-4D47-4FEE-AD7D-CF46DD2D9A9B}.Debug|iPhoneSimulator.Build.0 = Debug|Any CPU
		{64A64CC9-4D47-4FEE-AD7D-CF46DD2D9A9B}.Debug|iPhoneSimulator.Deploy.0 = Debug|Any CPU
		{64A64CC9-4D47-4FEE-AD7D-CF46DD2D9A9B}.Release|Any CPU.ActiveCfg = Release|Any CPU
		{64A64CC9-4D47-4FEE-AD7D-CF46DD2D9A9B}.Release|Any CPU.Build.0 = Release|Any CPU
		{64A64CC9-4D47-4FEE-AD7D-CF46DD2D9A9B}.Release|Any CPU.Deploy.0 = Release|Any CPU
		{64A64CC9-4D47-4FEE-AD7D-CF46DD2D9A9B}.Release|iPhone.ActiveCfg = Release|Any CPU
		{64A64CC9-4D47-4FEE-AD7D-CF46DD2D9A9B}.Release|iPhone.Build.0 = Release|Any CPU
		{64A64CC9-4D47-4FEE-AD7D-CF46DD2D9A9B}.Release|iPhone.Deploy.0 = Release|Any CPU
		{64A64CC9-4D47-4FEE-AD7D-CF46DD2D9A9B}.Release|iPhoneSimulator.ActiveCfg = Release|Any CPU
		{64A64CC9-4D47-4FEE-AD7D-CF46DD2D9A9B}.Release|iPhoneSimulator.Build.0 = Release|Any CPU
		{64A64CC9-4D47-4FEE-AD7D-CF46DD2D9A9B}.Release|iPhoneSimulator.Deploy.0 = Release|Any CPU
		{43F5468F-B52A-4EC0-9377-0F07750FD8F3}.Debug|Any CPU.ActiveCfg = Debug|iPhoneSimulator
		{43F5468F-B52A-4EC0-9377-0F07750FD8F3}.Debug|Any CPU.Build.0 = Debug|iPhoneSimulator
		{43F5468F-B52A-4EC0-9377-0F07750FD8F3}.Debug|iPhone.ActiveCfg = Debug|iPhone
		{43F5468F-B52A-4EC0-9377-0F07750FD8F3}.Debug|iPhone.Build.0 = Debug|iPhone
		{43F5468F-B52A-4EC0-9377-0F07750FD8F3}.Debug|iPhoneSimulator.ActiveCfg = Debug|iPhoneSimulator
		{43F5468F-B52A-4EC0-9377-0F07750FD8F3}.Debug|iPhoneSimulator.Build.0 = Debug|iPhoneSimulator
		{43F5468F-B52A-4EC0-9377-0F07750FD8F3}.Release|Any CPU.ActiveCfg = Release|iPhoneSimulator
		{43F5468F-B52A-4EC0-9377-0F07750FD8F3}.Release|Any CPU.Build.0 = Release|iPhoneSimulator
		{43F5468F-B52A-4EC0-9377-0F07750FD8F3}.Release|iPhone.ActiveCfg = Release|iPhone
		{43F5468F-B52A-4EC0-9377-0F07750FD8F3}.Release|iPhone.Build.0 = Release|iPhone
		{43F5468F-B52A-4EC0-9377-0F07750FD8F3}.Release|iPhoneSimulator.ActiveCfg = Release|iPhoneSimulator
		{43F5468F-B52A-4EC0-9377-0F07750FD8F3}.Release|iPhoneSimulator.Build.0 = Release|iPhoneSimulator
		{9382B935-7E70-4E32-9B91-9D916B603920}.Debug|Any CPU.ActiveCfg = Debug|Any CPU
		{9382B935-7E70-4E32-9B91-9D916B603920}.Debug|Any CPU.Build.0 = Debug|Any CPU
		{9382B935-7E70-4E32-9B91-9D916B603920}.Debug|iPhone.ActiveCfg = Debug|Any CPU
		{9382B935-7E70-4E32-9B91-9D916B603920}.Debug|iPhone.Build.0 = Debug|Any CPU
		{9382B935-7E70-4E32-9B91-9D916B603920}.Debug|iPhoneSimulator.ActiveCfg = Debug|Any CPU
		{9382B935-7E70-4E32-9B91-9D916B603920}.Debug|iPhoneSimulator.Build.0 = Debug|Any CPU
		{9382B935-7E70-4E32-9B91-9D916B603920}.Release|Any CPU.ActiveCfg = Release|Any CPU
		{9382B935-7E70-4E32-9B91-9D916B603920}.Release|Any CPU.Build.0 = Release|Any CPU
		{9382B935-7E70-4E32-9B91-9D916B603920}.Release|iPhone.ActiveCfg = Release|Any CPU
		{9382B935-7E70-4E32-9B91-9D916B603920}.Release|iPhone.Build.0 = Release|Any CPU
		{9382B935-7E70-4E32-9B91-9D916B603920}.Release|iPhoneSimulator.ActiveCfg = Release|Any CPU
		{9382B935-7E70-4E32-9B91-9D916B603920}.Release|iPhoneSimulator.Build.0 = Release|Any CPU
	EndGlobalSection
	GlobalSection(SolutionProperties) = preSolution
		HideSolutionNode = FALSE
	EndGlobalSection
	GlobalSection(ExtensibilityGlobals) = postSolution
		SolutionGuid = {5CFF9B9E-B484-4616-8944-B03A4AD5F1BA}
	EndGlobalSection
EndGlobal
